// !$*UTF8*$!
{
	archiveVersion = 1;
	classes = {
	};
	objectVersion = 56;
	objects = {

/* Begin PBXBuildFile section */
		1EBC9774C1774DF986A3B8E9 /* ContentView.swift in Sources */ = {isa = PBXBuildFile; fileRef = 80E9645623B14BDC8BB4DF73 /* ContentView.swift */; };
		D82C999468AB4B6DB6B457B0 /* Colors.swift in Sources */ = {isa = PBXBuildFile; fileRef = 8BE3D84B68FC4802AFB3D850 /* Colors.swift */; };
		36944549C3B043A2883A3FD1 /* Typography.swift in Sources */ = {isa = PBXBuildFile; fileRef = 1189C81AD06445CC99BEF47C /* Typography.swift */; };
		632EED27C1DD49FD917321F0 /* FIREAdvisorApp.swift in Sources */ = {isa = PBXBuildFile; fileRef = C989B3E55B2142969C23659A /* FIREAdvisorApp.swift */; };
		D5035AAB3EBF446083E4AEE3 /* User.swift in Sources */ = {isa = PBXBuildFile; fileRef = 761BDB7320954E718F1608D4 /* User.swift */; };
		93B576B35C8945ACB938EF9E /* APIClient.swift in Sources */ = {isa = PBXBuildFile; fileRef = 5C74521B8BA9487DB840154D /* APIClient.swift */; };
		3A2DE1CE285C45D5B2E94622 /* KeychainManager.swift in Sources */ = {isa = PBXBuildFile; fileRef = FAAEAE72266749898A066A02 /* KeychainManager.swift */; };
		A0D0E3F5FF004364853739F8 /* AuthViewModel.swift in Sources */ = {isa = PBXBuildFile; fileRef = 7A2A2AF521D044C490E5191D /* AuthViewModel.swift */; };
		0865315AC76841EBB909F3B0 /* HomeViewModel.swift in Sources */ = {isa = PBXBuildFile; fileRef = FBAC3FB1C7E8460BA42289A0 /* HomeViewModel.swift */; };
		5FCF196004754A3A806B0AA0 /* LoginView.swift in Sources */ = {isa = PBXBuildFile; fileRef = AB0570CD70214099960B52C4 /* LoginView.swift */; };
		DBC9D4D267C34ACBBB741A00 /* RegisterView.swift in Sources */ = {isa = PBXBuildFile; fileRef = 457235A4CF2B47FA96C92909 /* RegisterView.swift */; };
		F0014C9552BA46CF82E4857F /* FIREProgressRingView.swift in Sources */ = {isa = PBXBuildFile; fileRef = 2D58364C85084DB8A6FB30F5 /* FIREProgressRingView.swift */; };
		4C3F29DBF1ED43C48D2A2251 /* HomeView.swift in Sources */ = {isa = PBXBuildFile; fileRef = 31443D49EB304AA994BC3A9D /* HomeView.swift */; };
		A78938879650461788659B4C /* ProfileSetupView.swift in Sources */ = {isa = PBXBuildFile; fileRef = 0429135D12E84624AAC6B65A /* ProfileSetupView.swift */; };
		8B758978D148449A9601F38B /* Assets.xcassets in Resources */ = {isa = PBXBuildFile; fileRef = 12B47DAF0DFF44FE89AD3BF1 /* Assets.xcassets */; };

/* End PBXBuildFile section */

/* Begin PBXFileReference section */
		80E9645623B14BDC8BB4DF73 /* ContentView.swift */ = {isa = PBXFileReference; lastKnownFileType = sourcecode.swift; path = ContentView.swift; sourceTree = "<group>"; };
		8BE3D84B68FC4802AFB3D850 /* Colors.swift */ = {isa = PBXFileReference; lastKnownFileType = sourcecode.swift; path = Colors.swift; sourceTree = "<group>"; };
		1189C81AD06445CC99BEF47C /* Typography.swift */ = {isa = PBXFileReference; lastKnownFileType = sourcecode.swift; path = Typography.swift; sourceTree = "<group>"; };
		C989B3E55B2142969C23659A /* FIREAdvisorApp.swift */ = {isa = PBXFileReference; lastKnownFileType = sourcecode.swift; path = FIREAdvisorApp.swift; sourceTree = "<group>"; };
		761BDB7320954E718F1608D4 /* User.swift */ = {isa = PBXFileReference; lastKnownFileType = sourcecode.swift; path = User.swift; sourceTree = "<group>"; };
		5C74521B8BA9487DB840154D /* APIClient.swift */ = {isa = PBXFileReference; lastKnownFileType = sourcecode.swift; path = APIClient.swift; sourceTree = "<group>"; };
		FAAEAE72266749898A066A02 /* KeychainManager.swift */ = {isa = PBXFileReference; lastKnownFileType = sourcecode.swift; path = KeychainManager.swift; sourceTree = "<group>"; };
		7A2A2AF521D044C490E5191D /* AuthViewModel.swift */ = {isa = PBXFileReference; lastKnownFileType = sourcecode.swift; path = AuthViewModel.swift; sourceTree = "<group>"; };
		FBAC3FB1C7E8460BA42289A0 /* HomeViewModel.swift */ = {isa = PBXFileReference; lastKnownFileType = sourcecode.swift; path = HomeViewModel.swift; sourceTree = "<group>"; };
		AB0570CD70214099960B52C4 /* LoginView.swift */ = {isa = PBXFileReference; lastKnownFileType = sourcecode.swift; path = LoginView.swift; sourceTree = "<group>"; };
		457235A4CF2B47FA96C92909 /* RegisterView.swift */ = {isa = PBXFileReference; lastKnownFileType = sourcecode.swift; path = RegisterView.swift; sourceTree = "<group>"; };
		2D58364C85084DB8A6FB30F5 /* FIREProgressRingView.swift */ = {isa = PBXFileReference; lastKnownFileType = sourcecode.swift; path = FIREProgressRingView.swift; sourceTree = "<group>"; };
		31443D49EB304AA994BC3A9D /* HomeView.swift */ = {isa = PBXFileReference; lastKnownFileType = sourcecode.swift; path = HomeView.swift; sourceTree = "<group>"; };
		0429135D12E84624AAC6B65A /* ProfileSetupView.swift */ = {isa = PBXFileReference; lastKnownFileType = sourcecode.swift; path = ProfileSetupView.swift; sourceTree = "<group>"; };
		98B66F633EE04454829AE7C8 /* FIREAdvisor.app */ = {isa = PBXFileReference; explicitFileType = wrapper.application; includeInIndex = 0; path = FIREAdvisor.app; sourceTree = BUILT_PRODUCTS_DIR; };
		ACDD3437E46B4954A54F01E2 /* Info.plist */ = {isa = PBXFileReference; lastKnownFileType = text.plist.xml; path = Info.plist; sourceTree = "<group>"; };
		12B47DAF0DFF44FE89AD3BF1 /* Assets.xcassets */ = {isa = PBXFileReference; lastKnownFileType = folder.assetcatalog; path = Assets.xcassets; sourceTree = "<group>"; };

/* End PBXFileReference section */

/* Begin PBXFrameworksBuildPhase section */
		6D15FCA1C4E448F5B5B4AD2C /* Frameworks */ = {
			isa = PBXFrameworksBuildPhase;
			buildActionMask = 2147483647;
			files = (
			);
			runOnlyForDeploymentPostprocessing = 0;
		};
/* End PBXFrameworksBuildPhase section */

/* Begin PBXGroup section */
		19A9C269B5CF4E0A87CD6545 /* Root */ = {
			isa = PBXGroup;
			children = (
				80E9645623B14BDC8BB4DF73 /* ContentView.swift */,
				C989B3E55B2142969C23659A /* FIREAdvisorApp.swift */,
				8F065EECB62C40C997997A5F /* DesignSystem */,
				1C20AEABB6F24A309596DA2E /* Models */,
				34DD8DB018254EB79A2D7A3B /* Services */,
				640F90B7E25C494C90174BD5 /* ViewModels */,
				12B47DAF0DFF44FE89AD3BF1 /* Assets.xcassets */,
				ACDD3437E46B4954A54F01E2 /* Info.plist */,
				3859C0DADDB445F6ACAAE5A8 /* Products */,
			);
			sourceTree = "<group>";
		};
		8F065EECB62C40C997997A5F /* DesignSystem */ = {
			isa = PBXGroup;
			children = (
				8BE3D84B68FC4802AFB3D850 /* Colors.swift */,
				1189C81AD06445CC99BEF47C /* Typography.swift */,
			);
			path = DesignSystem;
			sourceTree = "<group>";
		};
		1C20AEABB6F24A309596DA2E /* Models */ = {
			isa = PBXGroup;
			children = (
				761BDB7320954E718F1608D4 /* User.swift */,
			);
			path = Models;
			sourceTree = "<group>";
		};
		34DD8DB018254EB79A2D7A3B /* Services */ = {
			isa = PBXGroup;
			children = (
				5C74521B8BA9487DB840154D /* APIClient.swift */,
				FAAEAE72266749898A066A02 /* KeychainManager.swift */,
			);
			path = Services;
			sourceTree = "<group>";
		};
		640F90B7E25C494C90174BD5 /* ViewModels */ = {
			isa = PBXGroup;
			children = (
				7A2A2AF521D044C490E5191D /* AuthViewModel.swift */,
				FBAC3FB1C7E8460BA42289A0 /* HomeViewModel.swift */,
			);
			path = ViewModels;
			sourceTree = "<group>";
		};
		4C65DBFFC4DA49C5ABBB3FDD /* Auth */ = {
			isa = PBXGroup;
			children = (
				AB0570CD70214099960B52C4 /* LoginView.swift */,
				457235A4CF2B47FA96C92909 /* RegisterView.swift */,
			);
			path = Auth;
			sourceTree = "<group>";
		};
		431BD282DD824B3A9E62485A /* Components */ = {
			isa = PBXGroup;
			children = (
				2D58364C85084DB8A6FB30F5 /* FIREProgressRingView.swift */,
			);
			path = Components;
			sourceTree = "<group>";
		};
		4981DA3E2FC546C2AD92BA3F /* Home */ = {
			isa = PBXGroup;
			children = (
				31443D49EB304AA994BC3A9D /* HomeView.swift */,
			);
			path = Home;
			sourceTree = "<group>";
		};
		8878C8303EC24A378CEF370D /* Profile */ = {
			isa = PBXGroup;
			children = (
				0429135D12E84624AAC6B65A /* ProfileSetupView.swift */,
			);
			path = Profile;
			sourceTree = "<group>";
		};
		3859C0DADDB445F6ACAAE5A8 /* Products */ = {
			isa = PBXGroup;
			children = (
				98B66F633EE04454829AE7C8 /* FIREAdvisor.app */,
			);
			name = Products;
			sourceTree = "<group>";
		};

/* End PBXGroup section */

/* Begin PBXNativeTarget section */
		AD1B38B5AA6A4B1283648AEB /* FIREAdvisor */ = {
			isa = PBXNativeTarget;
			buildConfigurationList = 6D823E7922674B858257E3BC /* Build configuration list for PBXNativeTarget "FIREAdvisor" */;
			buildPhases = (
				66305C9F31004390A91F881F /* Sources */,
				6D15FCA1C4E448F5B5B4AD2C /* Frameworks */,
				E17C156906F44CFAA56F7192 /* Resources */,
			);
			buildRules = (
			);
			dependencies = (
			);
			name = FIREAdvisor;
			productName = FIREAdvisor;
			productReference = 98B66F633EE04454829AE7C8 /* FIREAdvisor.app */;
			productType = "com.apple.product-type.application";
		};
/* End PBXNativeTarget section */

/* Begin PBXProject section */
		CF25C705C5E04EE0A290E6D9 /* Project object */ = {
			isa = PBXProject;
			attributes = {
				BuildIndependentTargetsInParallel = 1;
				LastSwiftUpdateCheck = 1500;
				LastUpgradeCheck = 1500;
				TargetAttributes = {
					AD1B38B5AA6A4B1283648AEB = {
						CreatedOnToolsVersion = 15.0;
					};
				};
			};
			buildConfigurationList = 6A8A61DA72C642658B4242DB /* Build configuration list for PBXProject "FIREAdvisor" */;
			compatibilityVersion = "Xcode 14.0";
			developmentRegion = en;
			hasScannedForEncodings = 0;
			knownRegions = (
				en,
				Base,
			);
			mainGroup = 8BBCD5DFDFFB498F93FBDD6F;
			productRefGroup = 3859C0DADDB445F6ACAAE5A8 /* Products */;
			projectDirPath = "";
			projectRoot = "";
			targets = (
				AD1B38B5AA6A4B1283648AEB /* FIREAdvisor */,
			);
		};
/* End PBXProject section */

/* Begin PBXResourcesBuildPhase section */
		E17C156906F44CFAA56F7192 /* Resources */ = {
			isa = PBXResourcesBuildPhase;
			buildActionMask = 2147483647;
			files = (
				= /* Assets.xcassets in Resources */,
			);
			runOnlyForDeploymentPostprocessing = 0;
		};
/* End PBXResourcesBuildPhase section */

/* Begin PBXSourcesBuildPhase section */
		66305C9F31004390A91F881F /* Sources */ = {
			isa = PBXSourcesBuildPhase;
			buildActionMask = 2147483647;
			files = (
				1EBC9774C1774DF986A3B8E9 /* ContentView.swift in Sources */,
				D82C999468AB4B6DB6B457B0 /* Colors.swift in Sources */,
				36944549C3B043A2883A3FD1 /* Typography.swift in Sources */,
				632EED27C1DD49FD917321F0 /* FIREAdvisorApp.swift in Sources */,
				D5035AAB3EBF446083E4AEE3 /* User.swift in Sources */,
				93B576B35C8945ACB938EF9E /* APIClient.swift in Sources */,
				3A2DE1CE285C45D5B2E94622 /* KeychainManager.swift in Sources */,
				A0D0E3F5FF004364853739F8 /* AuthViewModel.swift in Sources */,
				0865315AC76841EBB909F3B0 /* HomeViewModel.swift in Sources */,
				5FCF196004754A3A806B0AA0 /* LoginView.swift in Sources */,
				DBC9D4D267C34ACBBB741A00 /* RegisterView.swift in Sources */,
				F0014C9552BA46CF82E4857F /* FIREProgressRingView.swift in Sources */,
				4C3F29DBF1ED43C48D2A2251 /* HomeView.swift in Sources */,
				A78938879650461788659B4C /* ProfileSetupView.swift in Sources */,

			);
			runOnlyForDeploymentPostprocessing = 0;
		};
/* End PBXSourcesBuildPhase section */

/* Begin XCBuildConfiguration section */
		970E9C4B5ED84BD1A4271097 /* Debug */ = {
			isa = XCBuildConfiguration;
			buildSettings = {
				ALWAYS_SEARCH_USER_PATHS = NO;
				ASSETCATALOG_COMPILER_GENERATE_SWIFT_ASSET_SYMBOL_EXTENSIONS = YES;
				CLANG_ANALYZER_NONNULL = YES;
				CLANG_ANALYZER_NUMBER_OBJECT_CONVERSION = YES_AGGRESSIVE;
				CLANG_CXX_LANGUAGE_STANDARD = "gnu++20";
				CLANG_ENABLE_MODULES = YES;
				CLANG_ENABLE_OBJC_ARC = YES;
				CLANG_ENABLE_OBJC_WEAK = YES;
				CLANG_WARN_BLOCK_CAPTURE_AUTORELEASING = YES;
				CLANG_WARN_BOOL_CONVERSION = YES;
				CLANG_WARN_COMMA = YES;
				CLANG_WARN_CONSTANT_CONVERSION = YES;
				CLANG_WARN_DEPRECATED_OBJC_IMPLEMENTATIONS = YES;
				CLANG_WARN_DIRECT_OBJC_ISA_USAGE = YES_ERROR;
				CLANG_WARN_DOCUMENTATION_COMMENTS = YES;
				CLANG_WARN_EMPTY_BODY = YES;
				CLANG_WARN_ENUM_CONVERSION = YES;
				CLANG_WARN_INFINITE_RECURSION = YES;
				CLANG_WARN_INT_CONVERSION = YES;
				CLANG_WARN_NON_LITERAL_NULL_CONVERSION = YES;
				CLANG_WARN_OBJC_IMPLICIT_RETAIN_SELF = YES;
				CLANG_WARN_OBJC_LITERAL_CONVERSION = YES;
				CLANG_WARN_OBJC_ROOT_CLASS = YES_ERROR;
				CLANG_WARN_QUOTED_INCLUDE_IN_FRAMEWORK_HEADER = YES;
				CLANG_WARN_RANGE_LOOP_ANALYSIS = YES;
				CLANG_WARN_STRICT_PROTOTYPES = YES;
				CLANG_WARN_SUSPICIOUS_MOVE = YES;
				CLANG_WARN_UNGUARDED_AVAILABILITY = YES_AGGRESSIVE;
				CLANG_WARN_UNREACHABLE_CODE = YES;
				CLANG_WARN__DUPLICATE_METHOD_MATCH = YES;
				COPY_PHASE_STRIP = NO;
				DEBUG_INFORMATION_FORMAT = dwarf;
				ENABLE_STRICT_OBJC_MSGSEND = YES;
				ENABLE_TESTABILITY = YES;
				ENABLE_USER_SCRIPT_SANDBOXING = YES;
				GCC_C_LANGUAGE_STANDARD = gnu17;
				GCC_DYNAMIC_NO_PIC = NO;
				GCC_NO_COMMON_BLOCKS = YES;
				GCC_OPTIMIZATION_LEVEL = 0;
				GCC_PREPROCESSOR_DEFINITIONS = (
					"DEBUG=1",
					"$(inherited)",
				);
				GCC_WARN_64_TO_32_BIT_CONVERSION = YES;
				GCC_WARN_ABOUT_RETURN_TYPE = YES_ERROR;
				GCC_WARN_UNDECLARED_SELECTOR = YES;
				GCC_WARN_UNINITIALIZED_AUTOS = YES_AGGRESSIVE;
				GCC_WARN_UNUSED_FUNCTION = YES;
				GCC_WARN_UNUSED_VARIABLE = YES;
				IPHONEOS_DEPLOYMENT_TARGET = 16.0;
				LOCALIZATION_PREFERS_STRING_CATALOGS = YES;
				MTL_ENABLE_DEBUG_INFO = INCLUDE_SOURCE;
				MTL_FAST_MATH = YES;
				ONLY_ACTIVE_ARCH = YES;
				SDKROOT = iphoneos;
				SWIFT_ACTIVE_COMPILATION_CONDITIONS = "DEBUG $(inherited)";
				SWIFT_OPTIMIZATION_LEVEL = "-Onone";
			};
			name = Debug;
		};
		D4DEEF3616F541D695C8936C /* Release */ = {
			isa = XCBuildConfiguration;
			buildSettings = {
				ALWAYS_SEARCH_USER_PATHS = NO;
				ASSETCATALOG_COMPILER_GENERATE_SWIFT_ASSET_SYMBOL_EXTENSIONS = YES;
				CLANG_ANALYZER_NONNULL = YES;
				CLANG_ANALYZER_NUMBER_OBJECT_CONVERSION = YES_AGGRESSIVE;
				CLANG_CXX_LANGUAGE_STANDARD = "gnu++20";
				CLANG_ENABLE_MODULES = YES;
				CLANG_ENABLE_OBJC_ARC = YES;
				CLANG_ENABLE_OBJC_WEAK = YES;
				CLANG_WARN_BLOCK_CAPTURE_AUTORELEASING = YES;
				CLANG_WARN_BOOL_CONVERSION = YES;
				CLANG_WARN_COMMA = YES;
				CLANG_WARN_CONSTANT_CONVERSION = YES;
				CLANG_WARN_DEPRECATED_OBJC_IMPLEMENTATIONS = YES;
				CLANG_WARN_DIRECT_OBJC_ISA_USAGE = YES_ERROR;
				CLANG_WARN_DOCUMENTATION_COMMENTS = YES;
				CLANG_WARN_EMPTY_BODY = YES;
				CLANG_WARN_ENUM_CONVERSION = YES;
				CLANG_WARN_INFINITE_RECURSION = YES;
				CLANG_WARN_INT_CONVERSION = YES;
				CLANG_WARN_NON_LITERAL_NULL_CONVERSION = YES;
				CLANG_WARN_OBJC_IMPLICIT_RETAIN_SELF = YES;
				CLANG_WARN_OBJC_LITERAL_CONVERSION = YES;
				CLANG_WARN_OBJC_ROOT_CLASS = YES_ERROR;
				CLANG_WARN_QUOTED_INCLUDE_IN_FRAMEWORK_HEADER = YES;
				CLANG_WARN_RANGE_LOOP_ANALYSIS = YES;
				CLANG_WARN_STRICT_PROTOTYPES = YES;
				CLANG_WARN_SUSPICIOUS_MOVE = YES;
				CLANG_WARN_UNGUARDED_AVAILABILITY = YES_AGGRESSIVE;
				CLANG_WARN_UNREACHABLE_CODE = YES;
				CLANG_WARN__DUPLICATE_METHOD_MATCH = YES;
				COPY_PHASE_STRIP = NO;
				DEBUG_INFORMATION_FORMAT = "dwarf-with-dsym";
				ENABLE_NS_ASSERTIONS = NO;
				ENABLE_STRICT_OBJC_MSGSEND = YES;
				ENABLE_USER_SCRIPT_SANDBOXING = YES;
				GCC_C_LANGUAGE_STANDARD = gnu17;
				GCC_NO_COMMON_BLOCKS = YES;
				GCC_WARN_64_TO_32_BIT_CONVERSION = YES;
				GCC_WARN_ABOUT_RETURN_TYPE = YES_ERROR;
				GCC_WARN_UNDECLARED_SELECTOR = YES;
				GCC_WARN_UNINITIALIZED_AUTOS = YES_AGGRESSIVE;
				GCC_WARN_UNUSED_FUNCTION = YES;
				GCC_WARN_UNUSED_VARIABLE = YES;
				IPHONEOS_DEPLOYMENT_TARGET = 16.0;
				LOCALIZATION_PREFERS_STRING_CATALOGS = YES;
				MTL_ENABLE_DEBUG_INFO = NO;
				MTL_FAST_MATH = YES;
				SDKROOT = iphoneos;
				SWIFT_COMPILATION_MODE = wholemodule;
				VALIDATE_PRODUCT = YES;
			};
			name = Release;
		};
		F1925281B8DF4E99B574DB07 /* Debug */ = {
			isa = XCBuildConfiguration;
			buildSettings = {
				ASSETCATALOG_COMPILER_APPICON_NAME = AppIcon;
				ASSETCATALOG_COMPILER_GLOBAL_ACCENT_COLOR_NAME = AccentColor;
				CODE_SIGN_STYLE = Automatic;
				CURRENT_PROJECT_VERSION = 1;
				DEVELOPMENT_ASSET_PATHS = "";
				ENABLE_PREVIEWS = YES;
				GENERATE_INFOPLIST_FILE = NO;
				INFOPLIST_FILE = Info.plist;
				INFOPLIST_KEY_UIApplicationSceneManifest_Generation = YES;
				INFOPLIST_KEY_UIApplicationSupportsIndirectInputEvents = YES;
				INFOPLIST_KEY_UILaunchScreen_Generation = YES;
				INFOPLIST_KEY_UISupportedInterfaceOrientations_iPad = "UIInterfaceOrientationPortrait UIInterfaceOrientationPortraitUpsideDown UIInterfaceOrientationLandscapeLeft UIInterfaceOrientationLandscapeRight";
				INFOPLIST_KEY_UISupportedInterfaceOrientations_iPhone = "UIInterfaceOrientationPortrait UIInterfaceOrientationLandscapeLeft UIInterfaceOrientationLandscapeRight";
				IPHONEOS_DEPLOYMENT_TARGET = 16.0;
				LD_RUNPATH_SEARCH_PATHS = (
					"$(inherited)",
					"@executable_path/Frameworks",
				);
				MARKETING_VERSION = 1.0;
				PRODUCT_BUNDLE_IDENTIFIER = com.fire.advisor;
				PRODUCT_NAME = "$(TARGET_NAME)";
				SWIFT_EMIT_LOC_STRINGS = YES;
				SWIFT_VERSION = 5.0;
				TARGETED_DEVICE_FAMILY = "1,2";
			};
			name = Debug;
		};
		C1B7A79782F74165B0FD1163 /* Release */ = {
			isa = XCBuildConfiguration;
			buildSettings = {
				ASSETCATALOG_COMPILER_APPICON_NAME = AppIcon;
				ASSETCATALOG_COMPILER_GLOBAL_ACCENT_COLOR_NAME = AccentColor;
				CODE_SIGN_STYLE = Automatic;
				CURRENT_PROJECT_VERSION = 1;
				DEVELOPMENT_ASSET_PATHS = "";
				ENABLE_PREVIEWS = YES;
				GENERATE_INFOPLIST_FILE = NO;
				INFOPLIST_FILE = Info.plist;
				INFOPLIST_KEY_UIApplicationSceneManifest_Generation = YES;
				INFOPLIST_KEY_UIApplicationSupportsIndirectInputEvents = YES;
				INFOPLIST_KEY_UILaunchScreen_Generation = YES;
				INFOPLIST_KEY_UISupportedInterfaceOrientations_iPad = "UIInterfaceOrientationPortrait UIInterfaceOrientationPortraitUpsideDown UIInterfaceOrientationLandscapeLeft UIInterfaceOrientationLandscapeRight";
				INFOPLIST_KEY_UISupportedInterfaceOrientations_iPhone = "UIInterfaceOrientationPortrait UIInterfaceOrientationLandscapeLeft UIInterfaceOrientationLandscapeRight";
				IPHONEOS_DEPLOYMENT_TARGET = 16.0;
				LD_RUNPATH_SEARCH_PATHS = (
					"$(inherited)",
					"@executable_path/Frameworks",
				);
				MARKETING_VERSION = 1.0;
				PRODUCT_BUNDLE_IDENTIFIER = com.fire.advisor;
				PRODUCT_NAME = "$(TARGET_NAME)";
				SWIFT_EMIT_LOC_STRINGS = YES;
				SWIFT_VERSION = 5.0;
				TARGETED_DEVICE_FAMILY = "1,2";
			};
			name = Release;
		};
/* End XCBuildConfiguration section */

/* Begin XCConfigurationList section */
		6A8A61DA72C642658B4242DB /* Build configuration list for PBXProject "FIREAdvisor" */ = {
			isa = XCConfigurationList;
			buildConfigurations = (
				970E9C4B5ED84BD1A4271097 /* Debug */,
				D4DEEF3616F541D695C8936C /* Release */,
			);
			defaultConfigurationIsVisible = 0;
			defaultConfigurationName = Release;
		};
		6D823E7922674B858257E3BC /* Build configuration list for PBXNativeTarget "FIREAdvisor" */ = {
			isa = XCConfigurationList;
			buildConfigurations = (
				F1925281B8DF4E99B574DB07 /* Debug */,
				C1B7A79782F74165B0FD1163 /* Release */,
			);
			defaultConfigurationIsVisible = 0;
			defaultConfigurationName = Release;
		};
/* End XCConfigurationList section */
	};
	rootObject = CF25C705C5E04EE0A290E6D9 /* Project object */;
}
